
Microsoft Visual Studio Solution File, Format Version 12.00
# Visual Studio 15
VisualStudioVersion = 15.0.27703.2047
MinimumVisualStudioVersion = 10.0.40219.1
Project("{FAE04EC0-301F-11D3-BF4B-00C04F79EFBC}") = "ADVDataModel", "ADVDataModel\ADVDataModel.csproj", "{F191CB8F-87DA-4F1D-9458-E3C9A2B443B3}"
EndProject
Project("{FAE04EC0-301F-11D3-BF4B-00C04F79EFBC}") = "ADVWebAPI", "ADVWebAPI\ADVWebAPI.csproj", "{D39C9184-B37D-44F0-A0DE-130E39C20A46}"
EndProject
Global
	GlobalSection(SolutionConfigurationPlatforms) = preSolution
		Debug|Any CPU = Debug|Any CPU
		Release|Any CPU = Release|Any CPU
	EndGlobalSection
	GlobalSection(ProjectConfigurationPlatforms) = postSolution
		{F191CB8F-87DA-4F1D-9458-E3C9A2B443B3}.Debug|Any CPU.ActiveCfg = Debug|Any CPU
		{F191CB8F-87DA-4F1D-9458-E3C9A2B443B3}.Debug|Any CPU.Build.0 = Debug|Any CPU
		{F191CB8F-87DA-4F1D-9458-E3C9A2B443B3}.Release|Any CPU.ActiveCfg = Release|Any CPU
		{F191CB8F-87DA-4F1D-9458-E3C9A2B443B3}.Release|Any CPU.Build.0 = Release|Any CPU
		{D39C9184-B37D-44F0-A0DE-130E39C20A46}.Debug|Any CPU.ActiveCfg = Debug|Any CPU
		{D39C9184-B37D-44F0-A0DE-130E39C20A46}.Debug|Any CPU.Build.0 = Debug|Any CPU
		{D39C9184-B37D-44F0-A0DE-130E39C20A46}.Release|Any CPU.ActiveCfg = Release|Any CPU
		{D39C9184-B37D-44F0-A0DE-130E39C20A46}.Release|Any CPU.Build.0 = Release|Any CPU
	EndGlobalSection
	GlobalSection(SolutionProperties) = preSolution
		HideSolutionNode = FALSE
	EndGlobalSection
	GlobalSection(ExtensibilityGlobals) = postSolution
		SolutionGuid = {246C9FFB-D81C-4FE5-8E8F-D8E6540A1638}
	EndGlobalSection
EndGlobal
